{
  "name": "fallow-code-scan",
  "version": "0.1.2",
  "lockfileVersion": 3,
  "requires": true,
  "packages": {
    "": {
      "name": "fallow-code-scan",
      "version": "0.1.2",
      "license": "MIT",
      "dependencies": {
        "fallow": "2.91.0",
        "lucide": "1.21.0"
      },
      "bin": {
        "code-scan": "src/start.js",
        "fallow-code-scan": "src/start.js"
      },
      "engines": {
        "node": ">=18"
      }
    },
    "node_modules/@fallow-cli/darwin-arm64": {
      "version": "2.91.0",
      "resolved": "https://registry.npmjs.org/@fallow-cli/darwin-arm64/-/darwin-arm64-2.91.0.tgz",
      "integrity": "sha512-srKb1BUNgGuWsFpiwtBbgu7holAEA/YtNuv0iWOHmD9bDCH944SomV2ehP7HqO9KE7D6bhFxHXoE9S5tyaPmzw==",
      "cpu": [
        "arm64"
      ],
      "license": "MIT",
      "optional": true,
      "os": [
        "darwin"
      ]
    },
    "node_modules/@fallow-cli/darwin-x64": {
      "version": "2.91.0",
      "resolved": "https://registry.npmjs.org/@fallow-cli/darwin-x64/-/darwin-x64-2.91.0.tgz",
      "integrity": "sha512-/6DrBEDtDSAltXi7Bj5UoBG6yhoUCH2gAp/XXZ6Xr2ErLz9X088q6Kw9sfIyhDNpt9mpOQ8K/nsaE7EAjZfeZg==",
      "cpu": [
        "x64"
      ],
      "license": "MIT",
      "optional": true,
      "os": [
        "darwin"
      ]
    },
    "node_modules/@fallow-cli/linux-arm64-gnu": {
      "version": "2.91.0",
      "resolved": "https://registry.npmjs.org/@fallow-cli/linux-arm64-gnu/-/linux-arm64-gnu-2.91.0.tgz",
      "integrity": "sha512-Qlr7oCxa/IydLGUWMayTWXMvud/Jzzya7ISGAv5kIoXTd4kfqHYXI88wtNEjixIjJz/KiEPgCF7lLtiGeOIcJQ==",
      "cpu": [
        "arm64"
      ],
      "license": "MIT",
      "optional": true,
      "os": [
        "linux"
      ]
    },
    "node_modules/@fallow-cli/linux-arm64-musl": {
      "version": "2.91.0",
      "resolved": "https://registry.npmjs.org/@fallow-cli/linux-arm64-musl/-/linux-arm64-musl-2.91.0.tgz",
      "integrity": "sha512-yl5q62ewqd33NzyS3g9rzetuFDAZ1oOMMcxZgXr0MTjzHymZhqfjNzUxLwAgI49w0sGJ5KXUdTfDRncvhNvpBw==",
      "cpu": [
        "arm64"
      ],
      "license": "MIT",
      "optional": true,
      "os": [
        "linux"
      ]
    },
    "node_modules/@fallow-cli/linux-x64-gnu": {
      "version": "2.91.0",
      "resolved": "https://registry.npmjs.org/@fallow-cli/linux-x64-gnu/-/linux-x64-gnu-2.91.0.tgz",
      "integrity": "sha512-iklZtyr/OD7stfI4Zj2YhrYRzDDn0rQguLolQtG2T4Is+bfDEBHSglsMSM9/7n2pPAlNAPSOkxeV+VjofzXJkg==",
      "cpu": [
        "x64"
      ],
      "license": "MIT",
      "optional": true,
      "os": [
        "linux"
      ]
    },
    "node_modules/@fallow-cli/linux-x64-musl": {
      "version": "2.91.0",
      "resolved": "https://registry.npmjs.org/@fallow-cli/linux-x64-musl/-/linux-x64-musl-2.91.0.tgz",
      "integrity": "sha512-pFLIQ0J6C3Rk234aK4enfoirPnifeoJ7n0Eti+69CLl/Y0ZU5wqesQY6LkonJl8Cgt+j1y1eA3Ld3ilb8//9CA==",
      "cpu": [
        "x64"
      ],
      "license": "MIT",
      "optional": true,
      "os": [
        "linux"
      ]
    },
    "node_modules/@fallow-cli/win32-arm64-msvc": {
      "version": "2.91.0",
      "resolved": "https://registry.npmjs.org/@fallow-cli/win32-arm64-msvc/-/win32-arm64-msvc-2.91.0.tgz",
      "integrity": "sha512-8FHsFrD1np1Fq1+jI+c3aTtlkGwMqPsfPUqfjeXopQGBDGM+XQX970/3WaPoCVx7pGAHQrMvYDRt7rSra+knvw==",
      "cpu": [
        "arm64"
      ],
      "license": "MIT",
      "optional": true,
      "os": [
        "win32"
      ]
    },
    "node_modules/@fallow-cli/win32-x64-msvc": {
      "version": "2.91.0",
      "resolved": "https://registry.npmjs.org/@fallow-cli/win32-x64-msvc/-/win32-x64-msvc-2.91.0.tgz",
      "integrity": "sha512-0ebx+vkEuTit3MIy/3b1xezsyp+xz67fR49Mq6tBqlPAXRXgVYc9rAsSSzHpqFFIU9U8cpqbSKFpJskRscluCg==",
      "cpu": [
        "x64"
      ],
      "license": "MIT",
      "optional": true,
      "os": [
        "win32"
      ]
    },
    "node_modules/detect-libc": {
      "version": "2.1.2",
      "resolved": "https://registry.npmjs.org/detect-libc/-/detect-libc-2.1.2.tgz",
      "integrity": "sha512-Btj2BOOO83o3WyH59e8MgXsxEQVcarkUOpEYrubB0urwnN10yQ364rsiByU11nZlqWYZm05i/of7io4mzihBtQ==",
      "license": "Apache-2.0",
      "engines": {
        "node": ">=8"
      }
    },
    "node_modules/fallow": {
      "version": "2.91.0",
      "resolved": "https://registry.npmjs.org/fallow/-/fallow-2.91.0.tgz",
      "integrity": "sha512-DHf+w30Z6Kt1JRg83rl27TaNJHTs09W7Egtal7CxIkz8pSMZNpryLpvIzh+41MMrPzJRA1q8r81umdNdZFoxzw==",
      "license": "MIT",
      "dependencies": {
        "detect-libc": "2.1.2"
      },
      "bin": {
        "fallow": "bin/fallow",
        "fallow-lsp": "bin/fallow-lsp",
        "fallow-mcp": "bin/fallow-mcp"
      },
      "engines": {
        "node": ">=16"
      },
      "optionalDependencies": {
        "@fallow-cli/darwin-arm64": "2.91.0",
        "@fallow-cli/darwin-x64": "2.91.0",
        "@fallow-cli/linux-arm64-gnu": "2.91.0",
        "@fallow-cli/linux-arm64-musl": "2.91.0",
        "@fallow-cli/linux-x64-gnu": "2.91.0",
        "@fallow-cli/linux-x64-musl": "2.91.0",
        "@fallow-cli/win32-arm64-msvc": "2.91.0",
        "@fallow-cli/win32-x64-msvc": "2.91.0"
      }
    },
    "node_modules/lucide": {
      "version": "1.21.0",
      "resolved": "https://registry.npmjs.org/lucide/-/lucide-1.21.0.tgz",
      "integrity": "sha512-m8g+tPjt1am9YBygKb36o2JOu5xOg7usbz0EORvPjn6MacIVy7desH1SNnV1ziMFHRGMGCcF5r1Jj80TxF2UTw==",
      "license": "ISC"
    }
  }
}
